// !$*UTF8*$!
{
	archiveVersion = 1;
	classes = {
	};
	objectVersion = 77;
	objects = {

/* Begin PBXContainerItemProxy section */
		C2FE38B32DE36EDD0031CF93 /* PBXContainerItemProxy */ = {
			isa = PBXContainerItemProxy;
			containerPortal = C2FE38912DE36EDC0031CF93 /* Project object */;
			proxyType = 1;
			remoteGlobalIDString = C2FE38982DE36EDC0031CF93;
			remoteInfo = tracker;
		};
		C2FE38BD2DE36EDD0031CF93 /* PBXContainerItemProxy */ = {
			isa = PBXContainerItemProxy;
			containerPortal = C2FE38912DE36EDC0031CF93 /* Project object */;
			proxyType = 1;
			remoteGlobalIDString = C2FE38982DE36EDC0031CF93;
			remoteInfo = tracker;
		};
/* End PBXContainerItemProxy section */

/* Begin PBXFileReference section */
		C2FE38992DE36EDC0031CF93 /* tracker.app */ = {isa = PBXFileReference; explicitFileType = wrapper.application; includeInIndex = 0; path = tracker.app; sourceTree = BUILT_PRODUCTS_DIR; };
		C2FE38B22DE36EDD0031CF93 /* trackerTests.xctest */ = {isa = PBXFileReference; explicitFileType = wrapper.cfbundle; includeInIndex = 0; path = trackerTests.xctest; sourceTree = BUILT_PRODUCTS_DIR; };
		C2FE38BC2DE36EDD0031CF93 /* trackerUITests.xctest */ = {isa = PBXFileReference; explicitFileType = wrapper.cfbundle; includeInIndex = 0; path = trackerUITests.xctest; sourceTree = BUILT_PRODUCTS_DIR; };
/* End PBXFileReference section */

/* Begin PBXFileSystemSynchronizedBuildFileExceptionSet section */
		C2FE38C42DE36EDD0031CF93 /* Exceptions for "tracker" folder in "tracker" target */ = {
			isa = PBXFileSystemSynchronizedBuildFileExceptionSet;
			membershipExceptions = (
				Resources/Info.plist,
			);
			target = C2FE38982DE36EDC0031CF93 /* tracker */;
		};
/* End PBXFileSystemSynchronizedBuildFileExceptionSet section */

/* Begin PBXFileSystemSynchronizedRootGroup section */
		C2FE389B2DE36EDC0031CF93 /* tracker */ = {
			isa = PBXFileSystemSynchronizedRootGroup;
			exceptions = (
				C2FE38C42DE36EDD0031CF93 /* Exceptions for "tracker" folder in "tracker" target */,
			);
			path = tracker;
			sourceTree = "<group>";
		};
		C2FE38B52DE36EDD0031CF93 /* trackerTests */ = {
			isa = PBXFileSystemSynchronizedRootGroup;
			path = trackerTests;
			sourceTree = "<group>";
		};
		C2FE38BF2DE36EDD0031CF93 /* trackerUITests */ = {
			isa = PBXFileSystemSynchronizedRootGroup;
			path = trackerUITests;
			sourceTree = "<group>";
		};
/* End PBXFileSystemSynchronizedRootGroup section */

/* Begin PBXFrameworksBuildPhase section */
		C2FE38962DE36EDC0031CF93 /* Frameworks */ = {
			isa = PBXFrameworksBuildPhase;
			buildActionMask = 2147483647;
			files = (
			);
			runOnlyForDeploymentPostprocessing = 0;
		};
		C2FE38AF2DE36EDD0031CF93 /* Frameworks */ = {
			isa = PBXFrameworksBuildPhase;
			buildActionMask = 2147483647;
			files = (
			);
			runOnlyForDeploymentPostprocessing = 0;
		};
		C2FE38B92DE36EDD0031CF93 /* Frameworks */ = {
			isa = PBXFrameworksBuildPhase;
			buildActionMask = 2147483647;
			files = (
			);
			runOnlyForDeploymentPostprocessing = 0;
		};
/* End PBXFrameworksBuildPhase section */

/* Begin PBXGroup section */
		C2FE38902DE36EDC0031CF93 = {
			isa = PBXGroup;
			children = (
				C2FE389B2DE36EDC0031CF93 /* tracker */,
				C2FE38B52DE36EDD0031CF93 /* trackerTests */,
				C2FE38BF2DE36EDD0031CF93 /* trackerUITests */,
				C2FE389A2DE36EDC0031CF93 /* Products */,
			);
			sourceTree = "<group>";
		};
		C2FE389A2DE36EDC0031CF93 /* Products */ = {
			isa = PBXGroup;
			children = (
				C2FE38992DE36EDC0031CF93 /* tracker.app */,
				C2FE38B22DE36EDD0031CF93 /* trackerTests.xctest */,
				C2FE38BC2DE36EDD0031CF93 /* trackerUITests.xctest */,
			);
			name = Products;
			sourceTree = "<group>";
		};
/* End PBXGroup section */

/* Begin PBXNativeTarget section */
		C2FE38982DE36EDC0031CF93 /* tracker */ = {
			isa = PBXNativeTarget;
			buildConfigurationList = C2FE38C52DE36EDD0031CF93 /* Build configuration list for PBXNativeTarget "tracker" */;
			buildPhases = (
				C2FE38952DE36EDC0031CF93 /* Sources */,
				C2FE38962DE36EDC0031CF93 /* Frameworks */,
				C2FE38972DE36EDC0031CF93 /* Resources */,
			);
			buildRules = (
			);
			dependencies = (
			);
			fileSystemSynchronizedGroups = (
				C2FE389B2DE36EDC0031CF93 /* tracker */,
			);
			name = tracker;
			packageProductDependencies = (
			);
			productName = tracker;
			productReference = C2FE38992DE36EDC0031CF93 /* tracker.app */;
			productType = "com.apple.product-type.application";
		};
		C2FE38B12DE36EDD0031CF93 /* trackerTests */ = {
			isa = PBXNativeTarget;
			buildConfigurationList = C2FE38CA2DE36EDD0031CF93 /* Build configuration list for PBXNativeTarget "trackerTests" */;
			buildPhases = (
				C2FE38AE2DE36EDD0031CF93 /* Sources */,
				C2FE38AF2DE36EDD0031CF93 /* Frameworks */,
				C2FE38B02DE36EDD0031CF93 /* Resources */,
			);
			buildRules = (
			);
			dependencies = (
				C2FE38B42DE36EDD0031CF93 /* PBXTargetDependency */,
			);
			fileSystemSynchronizedGroups = (
				C2FE38B52DE36EDD0031CF93 /* trackerTests */,
			);
			name = trackerTests;
			packageProductDependencies = (
			);
			productName = trackerTests;
			productReference = C2FE38B22DE36EDD0031CF93 /* trackerTests.xctest */;
			productType = "com.apple.product-type.bundle.unit-test";
		};
		C2FE38BB2DE36EDD0031CF93 /* trackerUITests */ = {
			isa = PBXNativeTarget;
			buildConfigurationList = C2FE38CD2DE36EDD0031CF93 /* Build configuration list for PBXNativeTarget "trackerUITests" */;
			buildPhases = (
				C2FE38B82DE36EDD0031CF93 /* Sources */,
				C2FE38B92DE36EDD0031CF93 /* Frameworks */,
				C2FE38BA2DE36EDD0031CF93 /* Resources */,
			);
			buildRules = (
			);
			dependencies = (
				C2FE38BE2DE36EDD0031CF93 /* PBXTargetDependency */,
			);
			fileSystemSynchronizedGroups = (
				C2FE38BF2DE36EDD0031CF93 /* trackerUITests */,
			);
			name = trackerUITests;
			packageProductDependencies = (
			);
			productName = trackerUITests;
			productReference = C2FE38BC2DE36EDD0031CF93 /* trackerUITests.xctest */;
			productType = "com.apple.product-type.bundle.ui-testing";
		};
/* End PBXNativeTarget section */

/* Begin PBXProject section */
		C2FE38912DE36EDC0031CF93 /* Project object */ = {
			isa = PBXProject;
			attributes = {
				BuildIndependentTargetsInParallel = 1;
				KnownAssetTags = (
					New,
				);
				LastSwiftUpdateCheck = 1630;
				LastUpgradeCheck = 1630;
				TargetAttributes = {
					C2FE38982DE36EDC0031CF93 = {
						CreatedOnToolsVersion = 16.3;
					};
					C2FE38B12DE36EDD0031CF93 = {
						CreatedOnToolsVersion = 16.3;
						TestTargetID = C2FE38982DE36EDC0031CF93;
					};
					C2FE38BB2DE36EDD0031CF93 = {
						CreatedOnToolsVersion = 16.3;
						TestTargetID = C2FE38982DE36EDC0031CF93;
					};
				};
			};
			buildConfigurationList = C2FE38942DE36EDC0031CF93 /* Build configuration list for PBXProject "tracker" */;
			developmentRegion = en;
			hasScannedForEncodings = 0;
			knownRegions = (
				en,
				Base,
			);
			mainGroup = C2FE38902DE36EDC0031CF93;
			minimizedProjectReferenceProxies = 1;
			preferredProjectObjectVersion = 77;
			productRefGroup = C2FE389A2DE36EDC0031CF93 /* Products */;
			projectDirPath = "";
			projectRoot = "";
			targets = (
				C2FE38982DE36EDC0031CF93 /* tracker */,
				C2FE38B12DE36EDD0031CF93 /* trackerTests */,
				C2FE38BB2DE36EDD0031CF93 /* trackerUITests */,
			);
		};
/* End PBXProject section */

/* Begin PBXResourcesBuildPhase section */
		C2FE38972DE36EDC0031CF93 /* Resources */ = {
			isa = PBXResourcesBuildPhase;
			buildActionMask = 2147483647;
			files = (
			);
			runOnlyForDeploymentPostprocessing = 0;
		};
		C2FE38B02DE36EDD0031CF93 /* Resources */ = {
			isa = PBXResourcesBuildPhase;
			buildActionMask = 2147483647;
			files = (
			);
			runOnlyForDeploymentPostprocessing = 0;
		};
		C2FE38BA2DE36EDD0031CF93 /* Resources */ = {
			isa = PBXResourcesBuildPhase;
			buildActionMask = 2147483647;
			files = (
			);
			runOnlyForDeploymentPostprocessing = 0;
		};
/* End PBXResourcesBuildPhase section */

/* Begin PBXSourcesBuildPhase section */
		C2FE38952DE36EDC0031CF93 /* Sources */ = {
			isa = PBXSourcesBuildPhase;
			buildActionMask = 2147483647;
			files = (
			);
			runOnlyForDeploymentPostprocessing = 0;
		};
		C2FE38AE2DE36EDD0031CF93 /* Sources */ = {
			isa = PBXSourcesBuildPhase;
			buildActionMask = 2147483647;
			files = (
			);
			runOnlyForDeploymentPostprocessing = 0;
		};
		C2FE38B82DE36EDD0031CF93 /* Sources */ = {
			isa = PBXSourcesBuildPhase;
			buildActionMask = 2147483647;
			files = (
			);
			runOnlyForDeploymentPostprocessing = 0;
		};
/* End PBXSourcesBuildPhase section */

/* Begin PBXTargetDependency section */
		C2FE38B42DE36EDD0031CF93 /* PBXTargetDependency */ = {
			isa = PBXTargetDependency;
			target = C2FE38982DE36EDC0031CF93 /* tracker */;
			targetProxy = C2FE38B32DE36EDD0031CF93 /* PBXContainerItemProxy */;
		};
		C2FE38BE2DE36EDD0031CF93 /* PBXTargetDependency */ = {
			isa = PBXTargetDependency;
			target = C2FE38982DE36EDC0031CF93 /* tracker */;
			targetProxy = C2FE38BD2DE36EDD0031CF93 /* PBXContainerItemProxy */;
		};
/* End PBXTargetDependency section */

/* Begin XCBuildConfiguration section */
		C2FE38C62DE36EDD0031CF93 /* Debug */ = {
			isa = XCBuildConfiguration;
			buildSettings = {
				ASSETCATALOG_COMPILER_APPICON_NAME = AppIcon;
				ASSETCATALOG_COMPILER_GLOBAL_ACCENT_COLOR_NAME = AccentColor;
				CODE_SIGN_STYLE = Automatic;
				CURRENT_PROJECT_VERSION = 1;
				DEVELOPMENT_TEAM = R7G88X7PGL;
				GENERATE_INFOPLIST_FILE = YES;
				INFOPLIST_FILE = tracker/Resources/Info.plist;
				INFOPLIST_KEY_UIApplicationSupportsIndirectInputEvents = YES;
				INFOPLIST_KEY_UISupportedInterfaceOrientations_iPad = "UIInterfaceOrientationPortrait UIInterfaceOrientationPortraitUpsideDown UIInterfaceOrientationLandscapeLeft UIInterfaceOrientationLandscapeRight";
				INFOPLIST_KEY_UISupportedInterfaceOrientations_iPhone = "UIInterfaceOrientationPortrait UIInterfaceOrientationLandscapeLeft UIInterfaceOrientationLandscapeRight";
				IPHONEOS_DEPLOYMENT_TARGET = 14;
				LD_RUNPATH_SEARCH_PATHS = (
					"$(inherited)",
					"@executable_path/Frameworks",
				);
				MARKETING_VERSION = 1.0;
				PRODUCT_BUNDLE_IDENTIFIER = nobuu.trackerR;
				PRODUCT_NAME = "$(TARGET_NAME)";
				SWIFT_EMIT_LOC_STRINGS = YES;
				SWIFT_VERSION = 5.0;
				TARGETED_DEVICE_FAMILY = "1,2";
			};
			name = Debug;
		};
		C2FE38C72DE36EDD0031CF93 /* Release */ = {
			isa = XCBuildConfiguration;
			buildSettings = {
				ASSETCATALOG_COMPILER_APPICON_NAME = AppIcon;
				ASSETCATALOG_COMPILER_GLOBAL_ACCENT_COLOR_NAME = AccentColor;
				CODE_SIGN_STYLE = Automatic;
				CURRENT_PROJECT_VERSION = 1;
				DEVELOPMENT_TEAM = R7G88X7PGL;
				GENERATE_INFOPLIST_FILE = YES;
				INFOPLIST_FILE = tracker/Resources/Info.plist;
				INFOPLIST_KEY_UIApplicationSupportsIndirectInputEvents = YES;
				INFOPLIST_KEY_UISupportedInterfaceOrientations_iPad = "UIInterfaceOrientationPortrait UIInterfaceOrientationPortraitUpsideDown UIInterfaceOrientationLandscapeLeft UIInterfaceOrientationLandscapeRight";
				INFOPLIST_KEY_UISupportedInterfaceOrientations_iPhone = "UIInterfaceOrientationPortrait UIInterfaceOrientationLandscapeLeft UIInterfaceOrientationLandscapeRight";
				IPHONEOS_DEPLOYMENT_TARGET = 14;
				LD_RUNPATH_SEARCH_PATHS = (
					"$(inherited)",
					"@executable_path/Frameworks",
				);
				MARKETING_VERSION = 1.0;
				PRODUCT_BUNDLE_IDENTIFIER = nobuu.trackerR;
				PRODUCT_NAME = "$(TARGET_NAME)";
				SWIFT_EMIT_LOC_STRINGS = YES;
				SWIFT_VERSION = 5.0;
				TARGETED_DEVICE_FAMILY = "1,2";
			};
			name = Release;
		};
		C2FE38C82DE36EDD0031CF93 /* Debug */ = {
			isa = XCBuildConfiguration;
			buildSettings = {
				ALWAYS_SEARCH_USER_PATHS = NO;
				ASSETCATALOG_COMPILER_GENERATE_SWIFT_ASSET_SYMBOL_EXTENSIONS = YES;
				CLANG_ANALYZER_NONNULL = YES;
				CLANG_ANALYZER_NUMBER_OBJECT_CONVERSION = YES_AGGRESSIVE;
				CLANG_CXX_LANGUAGE_STANDARD = "gnu++20";
				CLANG_ENABLE_MODULES = YES;
				CLANG_ENABLE_OBJC_ARC = YES;
				CLANG_ENABLE_OBJC_WEAK = YES;
				CLANG_WARN_BLOCK_CAPTURE_AUTORELEASING = YES;
				CLANG_WARN_BOOL_CONVERSION = YES;
				CLANG_WARN_COMMA = YES;
				CLANG_WARN_CONSTANT_CONVERSION = YES;
				CLANG_WARN_DEPRECATED_OBJC_IMPLEMENTATIONS = YES;
				CLANG_WARN_DIRECT_OBJC_ISA_USAGE = YES_ERROR;
				CLANG_WARN_DOCUMENTATION_COMMENTS = YES;
				CLANG_WARN_EMPTY_BODY = YES;
				CLANG_WARN_ENUM_CONVERSION = YES;
				CLANG_WARN_INFINITE_RECURSION = YES;
				CLANG_WARN_INT_CONVERSION = YES;
				CLANG_WARN_NON_LITERAL_NULL_CONVERSION = YES;
				CLANG_WARN_OBJC_IMPLICIT_RETAIN_SELF = YES;
				CLANG_WARN_OBJC_LITERAL_CONVERSION = YES;
				CLANG_WARN_OBJC_ROOT_CLASS = YES_ERROR;
				CLANG_WARN_QUOTED_INCLUDE_IN_FRAMEWORK_HEADER = YES;
				CLANG_WARN_RANGE_LOOP_ANALYSIS = YES;
				CLANG_WARN_STRICT_PROTOTYPES = YES;
				CLANG_WARN_SUSPICIOUS_MOVE = YES;
				CLANG_WARN_UNGUARDED_AVAILABILITY = YES_AGGRESSIVE;
				CLANG_WARN_UNREACHABLE_CODE = YES;
				CLANG_WARN__DUPLICATE_METHOD_MATCH = YES;
				COPY_PHASE_STRIP = NO;
				DEBUG_INFORMATION_FORMAT = dwarf;
				DEVELOPMENT_TEAM = R7G88X7PGL;
				ENABLE_STRICT_OBJC_MSGSEND = YES;
				ENABLE_TESTABILITY = YES;
				ENABLE_USER_SCRIPT_SANDBOXING = YES;
				GCC_C_LANGUAGE_STANDARD = gnu17;
				GCC_DYNAMIC_NO_PIC = NO;
				GCC_NO_COMMON_BLOCKS = YES;
				GCC_OPTIMIZATION_LEVEL = 0;
				GCC_PREPROCESSOR_DEFINITIONS = (
					"DEBUG=1",
					"$(inherited)",
				);
				GCC_WARN_64_TO_32_BIT_CONVERSION = YES;
				GCC_WARN_ABOUT_RETURN_TYPE = YES_ERROR;
				GCC_WARN_UNDECLARED_SELECTOR = YES;
				GCC_WARN_UNINITIALIZED_AUTOS = YES_AGGRESSIVE;
				GCC_WARN_UNUSED_FUNCTION = YES;
				GCC_WARN_UNUSED_VARIABLE = YES;
				IPHONEOS_DEPLOYMENT_TARGET = 18.4;
				LOCALIZATION_PREFERS_STRING_CATALOGS = YES;
				MTL_ENABLE_DEBUG_INFO = INCLUDE_SOURCE;
				MTL_FAST_MATH = YES;
				ONLY_ACTIVE_ARCH = YES;
				SDKROOT = iphoneos;
				SWIFT_ACTIVE_COMPILATION_CONDITIONS = "DEBUG $(inherited)";
				SWIFT_OPTIMIZATION_LEVEL = "-Onone";
			};
			name = Debug;
		};
		C2FE38C92DE36EDD0031CF93 /* Release */ = {
			isa = XCBuildConfiguration;
			buildSettings = {
				ALWAYS_SEARCH_USER_PATHS = NO;
				ASSETCATALOG_COMPILER_GENERATE_SWIFT_ASSET_SYMBOL_EXTENSIONS = YES;
				CLANG_ANALYZER_NONNULL = YES;
				CLANG_ANALYZER_NUMBER_OBJECT_CONVERSION = YES_AGGRESSIVE;
				CLANG_CXX_LANGUAGE_STANDARD = "gnu++20";
				CLANG_ENABLE_MODULES = YES;
				CLANG_ENABLE_OBJC_ARC = YES;
				CLANG_ENABLE_OBJC_WEAK = YES;
				CLANG_WARN_BLOCK_CAPTURE_AUTORELEASING = YES;
				CLANG_WARN_BOOL_CONVERSION = YES;
				CLANG_WARN_COMMA = YES;
				CLANG_WARN_CONSTANT_CONVERSION = YES;
				CLANG_WARN_DEPRECATED_OBJC_IMPLEMENTATIONS = YES;
				CLANG_WARN_DIRECT_OBJC_ISA_USAGE = YES_ERROR;
				CLANG_WARN_DOCUMENTATION_COMMENTS = YES;
				CLANG_WARN_EMPTY_BODY = YES;
				CLANG_WARN_ENUM_CONVERSION = YES;
				CLANG_WARN_INFINITE_RECURSION = YES;
				CLANG_WARN_INT_CONVERSION = YES;
				CLANG_WARN_NON_LITERAL_NULL_CONVERSION = YES;
				CLANG_WARN_OBJC_IMPLICIT_RETAIN_SELF = YES;
				CLANG_WARN_OBJC_LITERAL_CONVERSION = YES;
				CLANG_WARN_OBJC_ROOT_CLASS = YES_ERROR;
				CLANG_WARN_QUOTED_INCLUDE_IN_FRAMEWORK_HEADER = YES;
				CLANG_WARN_RANGE_LOOP_ANALYSIS = YES;
				CLANG_WARN_STRICT_PROTOTYPES = YES;
				CLANG_WARN_SUSPICIOUS_MOVE = YES;
				CLANG_WARN_UNGUARDED_AVAILABILITY = YES_AGGRESSIVE;
				CLANG_WARN_UNREACHABLE_CODE = YES;
				CLANG_WARN__DUPLICATE_METHOD_MATCH = YES;
				COPY_PHASE_STRIP = NO;
				DEBUG_INFORMATION_FORMAT = "dwarf-with-dsym";
				DEVELOPMENT_TEAM = R7G88X7PGL;
				ENABLE_NS_ASSERTIONS = NO;
				ENABLE_STRICT_OBJC_MSGSEND = YES;
				ENABLE_USER_SCRIPT_SANDBOXING = YES;
				GCC_C_LANGUAGE_STANDARD = gnu17;
				GCC_NO_COMMON_BLOCKS = YES;
				GCC_WARN_64_TO_32_BIT_CONVERSION = YES;
				GCC_WARN_ABOUT_RETURN_TYPE = YES_ERROR;
				GCC_WARN_UNDECLARED_SELECTOR = YES;
				GCC_WARN_UNINITIALIZED_AUTOS = YES_AGGRESSIVE;
				GCC_WARN_UNUSED_FUNCTION = YES;
				GCC_WARN_UNUSED_VARIABLE = YES;
				IPHONEOS_DEPLOYMENT_TARGET = 18.4;
				LOCALIZATION_PREFERS_STRING_CATALOGS = YES;
				MTL_ENABLE_DEBUG_INFO = NO;
				MTL_FAST_MATH = YES;
				SDKROOT = iphoneos;
				SWIFT_COMPILATION_MODE = wholemodule;
				VALIDATE_PRODUCT = YES;
			};
			name = Release;
		};
		C2FE38CB2DE36EDD0031CF93 /* Debug */ = {
			isa = XCBuildConfiguration;
			buildSettings = {
				BUNDLE_LOADER = "$(TEST_HOST)";
				CODE_SIGN_STYLE = Automatic;
				CURRENT_PROJECT_VERSION = 1;
				DEVELOPMENT_TEAM = R7G88X7PGL;
				GENERATE_INFOPLIST_FILE = YES;
				IPHONEOS_DEPLOYMENT_TARGET = 18.4;
				MARKETING_VERSION = 1.0;
				PRODUCT_BUNDLE_IDENTIFIER = nobuu.trackerTests;
				PRODUCT_NAME = "$(TARGET_NAME)";
				SWIFT_EMIT_LOC_STRINGS = NO;
				SWIFT_VERSION = 5.0;
				TARGETED_DEVICE_FAMILY = "1,2";
				TEST_HOST = "$(BUILT_PRODUCTS_DIR)/tracker.app/$(BUNDLE_EXECUTABLE_FOLDER_PATH)/tracker";
			};
			name = Debug;
		};
		C2FE38CC2DE36EDD0031CF93 /* Release */ = {
			isa = XCBuildConfiguration;
			buildSettings = {
				BUNDLE_LOADER = "$(TEST_HOST)";
				CODE_SIGN_STYLE = Automatic;
				CURRENT_PROJECT_VERSION = 1;
				DEVELOPMENT_TEAM = R7G88X7PGL;
				GENERATE_INFOPLIST_FILE = YES;
				IPHONEOS_DEPLOYMENT_TARGET = 18.4;
				MARKETING_VERSION = 1.0;
				PRODUCT_BUNDLE_IDENTIFIER = nobuu.trackerTests;
				PRODUCT_NAME = "$(TARGET_NAME)";
				SWIFT_EMIT_LOC_STRINGS = NO;
				SWIFT_VERSION = 5.0;
				TARGETED_DEVICE_FAMILY = "1,2";
				TEST_HOST = "$(BUILT_PRODUCTS_DIR)/tracker.app/$(BUNDLE_EXECUTABLE_FOLDER_PATH)/tracker";
			};
			name = Release;
		};
		C2FE38CE2DE36EDD0031CF93 /* Debug */ = {
			isa = XCBuildConfiguration;
			buildSettings = {
				CODE_SIGN_STYLE = Automatic;
				CURRENT_PROJECT_VERSION = 1;
				DEVELOPMENT_TEAM = R7G88X7PGL;
				GENERATE_INFOPLIST_FILE = YES;
				MARKETING_VERSION = 1.0;
				PRODUCT_BUNDLE_IDENTIFIER = nobuu.trackerUITests;
				PRODUCT_NAME = "$(TARGET_NAME)";
				SWIFT_EMIT_LOC_STRINGS = NO;
				SWIFT_VERSION = 5.0;
				TARGETED_DEVICE_FAMILY = "1,2";
				TEST_TARGET_NAME = tracker;
			};
			name = Debug;
		};
		C2FE38CF2DE36EDD0031CF93 /* Release */ = {
			isa = XCBuildConfiguration;
			buildSettings = {
				CODE_SIGN_STYLE = Automatic;
				CURRENT_PROJECT_VERSION = 1;
				DEVELOPMENT_TEAM = R7G88X7PGL;
				GENERATE_INFOPLIST_FILE = YES;
				MARKETING_VERSION = 1.0;
				PRODUCT_BUNDLE_IDENTIFIER = nobuu.trackerUITests;
				PRODUCT_NAME = "$(TARGET_NAME)";
				SWIFT_EMIT_LOC_STRINGS = NO;
				SWIFT_VERSION = 5.0;
				TARGETED_DEVICE_FAMILY = "1,2";
				TEST_TARGET_NAME = tracker;
			};
			name = Release;
		};
/* End XCBuildConfiguration section */

/* Begin XCConfigurationList section */
		C2FE38942DE36EDC0031CF93 /* Build configuration list for PBXProject "tracker" */ = {
			isa = XCConfigurationList;
			buildConfigurations = (
				C2FE38C82DE36EDD0031CF93 /* Debug */,
				C2FE38C92DE36EDD0031CF93 /* Release */,
			);
			defaultConfigurationIsVisible = 0;
			defaultConfigurationName = Release;
		};
		C2FE38C52DE36EDD0031CF93 /* Build configuration list for PBXNativeTarget "tracker" */ = {
			isa = XCConfigurationList;
			buildConfigurations = (
				C2FE38C62DE36EDD0031CF93 /* Debug */,
				C2FE38C72DE36EDD0031CF93 /* Release */,
			);
			defaultConfigurationIsVisible = 0;
			defaultConfigurationName = Release;
		};
		C2FE38CA2DE36EDD0031CF93 /* Build configuration list for PBXNativeTarget "trackerTests" */ = {
			isa = XCConfigurationList;
			buildConfigurations = (
				C2FE38CB2DE36EDD0031CF93 /* Debug */,
				C2FE38CC2DE36EDD0031CF93 /* Release */,
			);
			defaultConfigurationIsVisible = 0;
			defaultConfigurationName = Release;
		};
		C2FE38CD2DE36EDD0031CF93 /* Build configuration list for PBXNativeTarget "trackerUITests" */ = {
			isa = XCConfigurationList;
			buildConfigurations = (
				C2FE38CE2DE36EDD0031CF93 /* Debug */,
				C2FE38CF2DE36EDD0031CF93 /* Release */,
			);
			defaultConfigurationIsVisible = 0;
			defaultConfigurationName = Release;
		};
/* End XCConfigurationList section */
	};
	rootObject = C2FE38912DE36EDC0031CF93 /* Project object */;
}
